
Microsoft Visual Studio Solution File, Format Version 12.00
# Visual Studio Version 16
VisualStudioVersion = 16.0.808.3
MinimumVisualStudioVersion = 10.0.40219.1
Project("{FAE04EC0-301F-11D3-BF4B-00C04F79EFBC}") = "BlazorApp", "BlazorApp.csproj", "{8095FDC9-3BD5-41C1-8CF4-6FBEFFF57575}"
EndProject
Global
	GlobalSection(SolutionConfigurationPlatforms) = preSolution
		Debug|Any CPU = Debug|Any CPU
		Release|Any CPU = Release|Any CPU
	EndGlobalSection
	GlobalSection(ProjectConfigurationPlatforms) = postSolution
		{8095FDC9-3BD5-41C1-8CF4-6FBEFFF57575}.Debug|Any CPU.ActiveCfg = Debug|Any CPU
		{8095FDC9-3BD5-41C1-8CF4-6FBEFFF57575}.Debug|Any CPU.Build.0 = Debug|Any CPU
		{8095FDC9-3BD5-41C1-8CF4-6FBEFFF57575}.Release|Any CPU.ActiveCfg = Release|Any CPU
		{8095FDC9-3BD5-41C1-8CF4-6FBEFFF57575}.Release|Any CPU.Build.0 = Release|Any CPU
	EndGlobalSection
	GlobalSection(SolutionProperties) = preSolution
		HideSolutionNode = FALSE
	EndGlobalSection
	GlobalSection(ExtensibilityGlobals) = postSolution
		SolutionGuid = {C1405059-48D0-4A6F-87A6-1E3FB7DD451E}
	EndGlobalSection
EndGlobal
