
Microsoft Visual Studio Solution File, Format Version 12.00
# Visual Studio Version 16
VisualStudioVersion = 16.0.808.3
MinimumVisualStudioVersion = 10.0.40219.1
Project("{FAE04EC0-301F-11D3-BF4B-00C04F79EFBC}") = "StyledRazor.Web", "StyledRazor.Web\StyledRazor.Web.csproj", "{51F7F63F-3EBC-4990-A8F6-5FC61B79D4FF}"
EndProject
Project("{FAE04EC0-301F-11D3-BF4B-00C04F79EFBC}") = "StyledRazor.Lib", "StyledRazor.Lib\StyledRazor.Lib.csproj", "{0D1A35C4-23BE-4322-9765-0338C2EC5A2A}"
EndProject
Project("{FAE04EC0-301F-11D3-BF4B-00C04F79EFBC}") = "StyledRazor.Core", "StyledRazor.Core\StyledRazor.Core.csproj", "{607D81AB-C4D4-4AAB-80CB-1160723D03ED}"
EndProject
Project("{FAE04EC0-301F-11D3-BF4B-00C04F79EFBC}") = "StyledRazor.Core.UnitTests", "StyledRazor.Core.UnitTests\StyledRazor.Core.UnitTests.csproj", "{A99C0598-4155-4F26-8D7E-C8A5D30D9919}"
EndProject
Global
	GlobalSection(SolutionConfigurationPlatforms) = preSolution
		Debug|Any CPU = Debug|Any CPU
		Release|Any CPU = Release|Any CPU
	EndGlobalSection
	GlobalSection(ProjectConfigurationPlatforms) = postSolution
		{51F7F63F-3EBC-4990-A8F6-5FC61B79D4FF}.Debug|Any CPU.ActiveCfg = Debug|Any CPU
		{51F7F63F-3EBC-4990-A8F6-5FC61B79D4FF}.Debug|Any CPU.Build.0 = Debug|Any CPU
		{51F7F63F-3EBC-4990-A8F6-5FC61B79D4FF}.Release|Any CPU.ActiveCfg = Release|Any CPU
		{51F7F63F-3EBC-4990-A8F6-5FC61B79D4FF}.Release|Any CPU.Build.0 = Release|Any CPU
		{0D1A35C4-23BE-4322-9765-0338C2EC5A2A}.Debug|Any CPU.ActiveCfg = Debug|Any CPU
		{0D1A35C4-23BE-4322-9765-0338C2EC5A2A}.Debug|Any CPU.Build.0 = Debug|Any CPU
		{0D1A35C4-23BE-4322-9765-0338C2EC5A2A}.Release|Any CPU.ActiveCfg = Release|Any CPU
		{0D1A35C4-23BE-4322-9765-0338C2EC5A2A}.Release|Any CPU.Build.0 = Release|Any CPU
		{B102BD56-EFB4-405B-BBE7-6D17D60984CD}.Debug|Any CPU.ActiveCfg = Debug|Any CPU
		{B102BD56-EFB4-405B-BBE7-6D17D60984CD}.Debug|Any CPU.Build.0 = Debug|Any CPU
		{B102BD56-EFB4-405B-BBE7-6D17D60984CD}.Release|Any CPU.ActiveCfg = Release|Any CPU
		{B102BD56-EFB4-405B-BBE7-6D17D60984CD}.Release|Any CPU.Build.0 = Release|Any CPU
		{607D81AB-C4D4-4AAB-80CB-1160723D03ED}.Debug|Any CPU.ActiveCfg = Debug|Any CPU
		{607D81AB-C4D4-4AAB-80CB-1160723D03ED}.Debug|Any CPU.Build.0 = Debug|Any CPU
		{607D81AB-C4D4-4AAB-80CB-1160723D03ED}.Release|Any CPU.ActiveCfg = Release|Any CPU
		{607D81AB-C4D4-4AAB-80CB-1160723D03ED}.Release|Any CPU.Build.0 = Release|Any CPU
		{A99C0598-4155-4F26-8D7E-C8A5D30D9919}.Debug|Any CPU.ActiveCfg = Debug|Any CPU
		{A99C0598-4155-4F26-8D7E-C8A5D30D9919}.Debug|Any CPU.Build.0 = Debug|Any CPU
		{A99C0598-4155-4F26-8D7E-C8A5D30D9919}.Release|Any CPU.ActiveCfg = Release|Any CPU
		{A99C0598-4155-4F26-8D7E-C8A5D30D9919}.Release|Any CPU.Build.0 = Release|Any CPU
	EndGlobalSection
	GlobalSection(SolutionProperties) = preSolution
		HideSolutionNode = FALSE
	EndGlobalSection
	GlobalSection(ExtensibilityGlobals) = postSolution
		SolutionGuid = {C1405059-48D0-4A6F-87A6-1E3FB7DD451E}
	EndGlobalSection
EndGlobal
